// !$*UTF8*$!
{
	archiveVersion = 1;
	classes = {
	};
	objectVersion = 77;
	objects = {

/* Begin PBXBuildFile section */
		6C9165AB2F32BF1000521DB9 /* README.md in Sources */ = {isa = PBXBuildFile; fileRef = 6C9165AA2F32BF0600521DB9 /* README.md */; };
/* End PBXBuildFile section */

/* Begin PBXContainerItemProxy section */
		1596E4952F197EDE00D104FB /* PBXContainerItemProxy */ = {
			isa = PBXContainerItemProxy;
			containerPortal = 1596E4762F197EDC00D104FB /* Project object */;
			proxyType = 1;
			remoteGlobalIDString = 1596E47D2F197EDC00D104FB;
			remoteInfo = "iOS-Calculator";
		};
		1596E49F2F197EDE00D104FB /* PBXContainerItemProxy */ = {
			isa = PBXContainerItemProxy;
			containerPortal = 1596E4762F197EDC00D104FB /* Project object */;
			proxyType = 1;
			remoteGlobalIDString = 1596E47D2F197EDC00D104FB;
			remoteInfo = "iOS-Calculator";
		};
/* End PBXContainerItemProxy section */

/* Begin PBXFileReference section */
		1596E47E2F197EDC00D104FB /* iOS Calculator.app */ = {isa = PBXFileReference; explicitFileType = wrapper.application; includeInIndex = 0; path = "iOS Calculator.app"; sourceTree = BUILT_PRODUCTS_DIR; };
		1596E4942F197EDE00D104FB /* iOS CalculatorTests.xctest */ = {isa = PBXFileReference; explicitFileType = wrapper.cfbundle; includeInIndex = 0; path = "iOS CalculatorTests.xctest"; sourceTree = BUILT_PRODUCTS_DIR; };
		1596E49E2F197EDE00D104FB /* iOS CalculatorUITests.xctest */ = {isa = PBXFileReference; explicitFileType = wrapper.cfbundle; includeInIndex = 0; path = "iOS CalculatorUITests.xctest"; sourceTree = BUILT_PRODUCTS_DIR; };
		6C9165AA2F32BF0600521DB9 /* README.md */ = {isa = PBXFileReference; lastKnownFileType = net.daringfireball.markdown; path = README.md; sourceTree = "<group>"; };
/* End PBXFileReference section */

/* Begin PBXFileSystemSynchronizedBuildFileExceptionSet section */
		1596E4B52F197F7200D104FB /* Exceptions for "iOS-Calculator" folder in "iOS Calculator" target */ = {
			isa = PBXFileSystemSynchronizedBuildFileExceptionSet;
			membershipExceptions = (
				"Supporting Files/Info.plist",
			);
			target = 1596E47D2F197EDC00D104FB /* iOS Calculator */;
		};
/* End PBXFileSystemSynchronizedBuildFileExceptionSet section */

/* Begin PBXFileSystemSynchronizedRootGroup section */
		1596E4802F197EDC00D104FB /* iOS-Calculator */ = {
			isa = PBXFileSystemSynchronizedRootGroup;
			exceptions = (
				1596E4B52F197F7200D104FB /* Exceptions for "iOS-Calculator" folder in "iOS Calculator" target */,
			);
			path = "iOS-Calculator";
			sourceTree = "<group>";
		};
		1596E4972F197EDE00D104FB /* iOS-CalculatorTests */ = {
			isa = PBXFileSystemSynchronizedRootGroup;
			path = "iOS-CalculatorTests";
			sourceTree = "<group>";
		};
		1596E4A12F197EDE00D104FB /* iOS-CalculatorUITests */ = {
			isa = PBXFileSystemSynchronizedRootGroup;
			path = "iOS-CalculatorUITests";
			sourceTree = "<group>";
		};
/* End PBXFileSystemSynchronizedRootGroup section */

/* Begin PBXFrameworksBuildPhase section */
		1596E47B2F197EDC00D104FB /* Frameworks */ = {
			isa = PBXFrameworksBuildPhase;
			buildActionMask = 2147483647;
			files = (
			);
			runOnlyForDeploymentPostprocessing = 0;
		};
		1596E4912F197EDE00D104FB /* Frameworks */ = {
			isa = PBXFrameworksBuildPhase;
			buildActionMask = 2147483647;
			files = (
			);
			runOnlyForDeploymentPostprocessing = 0;
		};
		1596E49B2F197EDE00D104FB /* Frameworks */ = {
			isa = PBXFrameworksBuildPhase;
			buildActionMask = 2147483647;
			files = (
			);
			runOnlyForDeploymentPostprocessing = 0;
		};
/* End PBXFrameworksBuildPhase section */

/* Begin PBXGroup section */
		1596E4752F197EDC00D104FB = {
			isa = PBXGroup;
			children = (
				1596E4802F197EDC00D104FB /* iOS-Calculator */,
				1596E4972F197EDE00D104FB /* iOS-CalculatorTests */,
				1596E4A12F197EDE00D104FB /* iOS-CalculatorUITests */,
				1596E47F2F197EDC00D104FB /* Products */,
				6C9165AA2F32BF0600521DB9 /* README.md */,
			);
			sourceTree = "<group>";
		};
		1596E47F2F197EDC00D104FB /* Products */ = {
			isa = PBXGroup;
			children = (
				1596E47E2F197EDC00D104FB /* iOS Calculator.app */,
				1596E4942F197EDE00D104FB /* iOS CalculatorTests.xctest */,
				1596E49E2F197EDE00D104FB /* iOS CalculatorUITests.xctest */,
			);
			name = Products;
			sourceTree = "<group>";
		};
/* End PBXGroup section */

/* Begin PBXNativeTarget section */
		1596E47D2F197EDC00D104FB /* iOS Calculator */ = {
			isa = PBXNativeTarget;
			buildConfigurationList = 1596E4A72F197EDE00D104FB /* Build configuration list for PBXNativeTarget "iOS Calculator" */;
			buildPhases = (
				1596E47A2F197EDC00D104FB /* Sources */,
				1596E47B2F197EDC00D104FB /* Frameworks */,
				1596E47C2F197EDC00D104FB /* Resources */,
			);
			buildRules = (
			);
			dependencies = (
			);
			fileSystemSynchronizedGroups = (
				1596E4802F197EDC00D104FB /* iOS-Calculator */,
			);
			name = "iOS Calculator";
			packageProductDependencies = (
			);
			productName = "iOS-Calculator";
			productReference = 1596E47E2F197EDC00D104FB /* iOS Calculator.app */;
			productType = "com.apple.product-type.application";
		};
		1596E4932F197EDE00D104FB /* iOS CalculatorTests */ = {
			isa = PBXNativeTarget;
			buildConfigurationList = 1596E4AC2F197EDE00D104FB /* Build configuration list for PBXNativeTarget "iOS CalculatorTests" */;
			buildPhases = (
				1596E4902F197EDE00D104FB /* Sources */,
				1596E4912F197EDE00D104FB /* Frameworks */,
				1596E4922F197EDE00D104FB /* Resources */,
			);
			buildRules = (
			);
			dependencies = (
				1596E4962F197EDE00D104FB /* PBXTargetDependency */,
			);
			fileSystemSynchronizedGroups = (
				1596E4972F197EDE00D104FB /* iOS-CalculatorTests */,
			);
			name = "iOS CalculatorTests";
			packageProductDependencies = (
			);
			productName = "iOS-CalculatorTests";
			productReference = 1596E4942F197EDE00D104FB /* iOS CalculatorTests.xctest */;
			productType = "com.apple.product-type.bundle.unit-test";
		};
		1596E49D2F197EDE00D104FB /* iOS CalculatorUITests */ = {
			isa = PBXNativeTarget;
			buildConfigurationList = 1596E4AF2F197EDE00D104FB /* Build configuration list for PBXNativeTarget "iOS CalculatorUITests" */;
			buildPhases = (
				1596E49A2F197EDE00D104FB /* Sources */,
				1596E49B2F197EDE00D104FB /* Frameworks */,
				1596E49C2F197EDE00D104FB /* Resources */,
			);
			buildRules = (
			);
			dependencies = (
				1596E4A02F197EDE00D104FB /* PBXTargetDependency */,
			);
			fileSystemSynchronizedGroups = (
				1596E4A12F197EDE00D104FB /* iOS-CalculatorUITests */,
			);
			name = "iOS CalculatorUITests";
			packageProductDependencies = (
			);
			productName = "iOS-CalculatorUITests";
			productReference = 1596E49E2F197EDE00D104FB /* iOS CalculatorUITests.xctest */;
			productType = "com.apple.product-type.bundle.ui-testing";
		};
/* End PBXNativeTarget section */

/* Begin PBXProject section */
		1596E4762F197EDC00D104FB /* Project object */ = {
			isa = PBXProject;
			attributes = {
				BuildIndependentTargetsInParallel = 1;
				LastSwiftUpdateCheck = 2610;
				LastUpgradeCheck = 2610;
				TargetAttributes = {
					1596E47D2F197EDC00D104FB = {
						CreatedOnToolsVersion = 26.1;
					};
					1596E4932F197EDE00D104FB = {
						CreatedOnToolsVersion = 26.1;
						TestTargetID = 1596E47D2F197EDC00D104FB;
					};
					1596E49D2F197EDE00D104FB = {
						CreatedOnToolsVersion = 26.1;
						TestTargetID = 1596E47D2F197EDC00D104FB;
					};
				};
			};
			buildConfigurationList = 1596E4792F197EDC00D104FB /* Build configuration list for PBXProject "iOS Calculator" */;
			developmentRegion = en;
			hasScannedForEncodings = 0;
			knownRegions = (
				en,
				Base,
			);
			mainGroup = 1596E4752F197EDC00D104FB;
			minimizedProjectReferenceProxies = 1;
			preferredProjectObjectVersion = 77;
			productRefGroup = 1596E47F2F197EDC00D104FB /* Products */;
			projectDirPath = "";
			projectRoot = "";
			targets = (
				1596E47D2F197EDC00D104FB /* iOS Calculator */,
				1596E4932F197EDE00D104FB /* iOS CalculatorTests */,
				1596E49D2F197EDE00D104FB /* iOS CalculatorUITests */,
			);
		};
/* End PBXProject section */

/* Begin PBXResourcesBuildPhase section */
		1596E47C2F197EDC00D104FB /* Resources */ = {
			isa = PBXResourcesBuildPhase;
			buildActionMask = 2147483647;
			files = (
			);
			runOnlyForDeploymentPostprocessing = 0;
		};
		1596E4922F197EDE00D104FB /* Resources */ = {
			isa = PBXResourcesBuildPhase;
			buildActionMask = 2147483647;
			files = (
			);
			runOnlyForDeploymentPostprocessing = 0;
		};
		1596E49C2F197EDE00D104FB /* Resources */ = {
			isa = PBXResourcesBuildPhase;
			buildActionMask = 2147483647;
			files = (
			);
			runOnlyForDeploymentPostprocessing = 0;
		};
/* End PBXResourcesBuildPhase section */

/* Begin PBXSourcesBuildPhase section */
		1596E47A2F197EDC00D104FB /* Sources */ = {
			isa = PBXSourcesBuildPhase;
			buildActionMask = 2147483647;
			files = (
				6C9165AB2F32BF1000521DB9 /* README.md in Sources */,
			);
			runOnlyForDeploymentPostprocessing = 0;
		};
		1596E4902F197EDE00D104FB /* Sources */ = {
			isa = PBXSourcesBuildPhase;
			buildActionMask = 2147483647;
			files = (
			);
			runOnlyForDeploymentPostprocessing = 0;
		};
		1596E49A2F197EDE00D104FB /* Sources */ = {
			isa = PBXSourcesBuildPhase;
			buildActionMask = 2147483647;
			files = (
			);
			runOnlyForDeploymentPostprocessing = 0;
		};
/* End PBXSourcesBuildPhase section */

/* Begin PBXTargetDependency section */
		1596E4962F197EDE00D104FB /* PBXTargetDependency */ = {
			isa = PBXTargetDependency;
			target = 1596E47D2F197EDC00D104FB /* iOS Calculator */;
			targetProxy = 1596E4952F197EDE00D104FB /* PBXContainerItemProxy */;
		};
		1596E4A02F197EDE00D104FB /* PBXTargetDependency */ = {
			isa = PBXTargetDependency;
			target = 1596E47D2F197EDC00D104FB /* iOS Calculator */;
			targetProxy = 1596E49F2F197EDE00D104FB /* PBXContainerItemProxy */;
		};
/* End PBXTargetDependency section */

/* Begin XCBuildConfiguration section */
		1596E4A82F197EDE00D104FB /* Debug */ = {
			isa = XCBuildConfiguration;
			buildSettings = {
				ASSETCATALOG_COMPILER_APPICON_NAME = AppIcon;
				ASSETCATALOG_COMPILER_GLOBAL_ACCENT_COLOR_NAME = AccentColor;
				CODE_SIGN_STYLE = Automatic;
				CURRENT_PROJECT_VERSION = 1;
				DEVELOPMENT_TEAM = VWVD5N32H2;
				GENERATE_INFOPLIST_FILE = YES;
				INFOPLIST_FILE = "iOS-Calculator/Supporting Files/Info.plist";
				INFOPLIST_KEY_LSApplicationCategoryType = "public.app-category.utilities";
				INFOPLIST_KEY_UIApplicationSupportsIndirectInputEvents = YES;
				INFOPLIST_KEY_UILaunchStoryboardName = LaunchScreen;
				INFOPLIST_KEY_UISupportedInterfaceOrientations_iPad = "UIInterfaceOrientationPortrait UIInterfaceOrientationPortraitUpsideDown UIInterfaceOrientationLandscapeLeft UIInterfaceOrientationLandscapeRight";
				INFOPLIST_KEY_UISupportedInterfaceOrientations_iPhone = "UIInterfaceOrientationPortrait UIInterfaceOrientationLandscapeLeft UIInterfaceOrientationLandscapeRight";
				LD_RUNPATH_SEARCH_PATHS = (
					"$(inherited)",
					"@executable_path/Frameworks",
				);
				MARKETING_VERSION = 1.0;
				PRODUCT_BUNDLE_IDENTIFIER = "com.candymontero.iOS-Calculator";
				PRODUCT_NAME = "$(TARGET_NAME)";
				STRING_CATALOG_GENERATE_SYMBOLS = YES;
				SUPPORTED_PLATFORMS = "iphoneos iphonesimulator";
				SUPPORTS_MACCATALYST = NO;
				SUPPORTS_MAC_DESIGNED_FOR_IPHONE_IPAD = NO;
				SUPPORTS_XR_DESIGNED_FOR_IPHONE_IPAD = NO;
				SWIFT_APPROACHABLE_CONCURRENCY = YES;
				SWIFT_DEFAULT_ACTOR_ISOLATION = MainActor;
				SWIFT_EMIT_LOC_STRINGS = YES;
				SWIFT_UPCOMING_FEATURE_MEMBER_IMPORT_VISIBILITY = YES;
				SWIFT_VERSION = 5.0;
				TARGETED_DEVICE_FAMILY = "1,2";
			};
			name = Debug;
		};
		1596E4A92F197EDE00D104FB /* Release */ = {
			isa = XCBuildConfiguration;
			buildSettings = {
				ASSETCATALOG_COMPILER_APPICON_NAME = AppIcon;
				ASSETCATALOG_COMPILER_GLOBAL_ACCENT_COLOR_NAME = AccentColor;
				CODE_SIGN_STYLE = Automatic;
				CURRENT_PROJECT_VERSION = 1;
				DEVELOPMENT_TEAM = VWVD5N32H2;
				GENERATE_INFOPLIST_FILE = YES;
				INFOPLIST_FILE = "iOS-Calculator/Supporting Files/Info.plist";
				INFOPLIST_KEY_LSApplicationCategoryType = "public.app-category.utilities";
				INFOPLIST_KEY_UIApplicationSupportsIndirectInputEvents = YES;
				INFOPLIST_KEY_UILaunchStoryboardName = LaunchScreen;
				INFOPLIST_KEY_UISupportedInterfaceOrientations_iPad = "UIInterfaceOrientationPortrait UIInterfaceOrientationPortraitUpsideDown UIInterfaceOrientationLandscapeLeft UIInterfaceOrientationLandscapeRight";
				INFOPLIST_KEY_UISupportedInterfaceOrientations_iPhone = "UIInterfaceOrientationPortrait UIInterfaceOrientationLandscapeLeft UIInterfaceOrientationLandscapeRight";
				LD_RUNPATH_SEARCH_PATHS = (
					"$(inherited)",
					"@executable_path/Frameworks",
				);
				MARKETING_VERSION = 1.0;
				PRODUCT_BUNDLE_IDENTIFIER = "com.candymontero.iOS-Calculator";
				PRODUCT_NAME = "$(TARGET_NAME)";
				STRING_CATALOG_GENERATE_SYMBOLS = YES;
				SUPPORTED_PLATFORMS = "iphoneos iphonesimulator";
				SUPPORTS_MACCATALYST = NO;
				SUPPORTS_MAC_DESIGNED_FOR_IPHONE_IPAD = NO;
				SUPPORTS_XR_DESIGNED_FOR_IPHONE_IPAD = NO;
				SWIFT_APPROACHABLE_CONCURRENCY = YES;
				SWIFT_DEFAULT_ACTOR_ISOLATION = MainActor;
				SWIFT_EMIT_LOC_STRINGS = YES;
				SWIFT_UPCOMING_FEATURE_MEMBER_IMPORT_VISIBILITY = YES;
				SWIFT_VERSION = 5.0;
				TARGETED_DEVICE_FAMILY = "1,2";
			};
			name = Release;
		};
		1596E4AA2F197EDE00D104FB /* Debug */ = {
			isa = XCBuildConfiguration;
			buildSettings = {
				ALWAYS_SEARCH_USER_PATHS = NO;
				ASSETCATALOG_COMPILER_GENERATE_SWIFT_ASSET_SYMBOL_EXTENSIONS = YES;
				CLANG_ANALYZER_NONNULL = YES;
				CLANG_ANALYZER_NUMBER_OBJECT_CONVERSION = YES_AGGRESSIVE;
				CLANG_CXX_LANGUAGE_STANDARD = "gnu++20";
				CLANG_ENABLE_MODULES = YES;
				CLANG_ENABLE_OBJC_ARC = YES;
				CLANG_ENABLE_OBJC_WEAK = YES;
				CLANG_WARN_BLOCK_CAPTURE_AUTORELEASING = YES;
				CLANG_WARN_BOOL_CONVERSION = YES;
				CLANG_WARN_COMMA = YES;
				CLANG_WARN_CONSTANT_CONVERSION = YES;
				CLANG_WARN_DEPRECATED_OBJC_IMPLEMENTATIONS = YES;
				CLANG_WARN_DIRECT_OBJC_ISA_USAGE = YES_ERROR;
				CLANG_WARN_DOCUMENTATION_COMMENTS = YES;
				CLANG_WARN_EMPTY_BODY = YES;
				CLANG_WARN_ENUM_CONVERSION = YES;
				CLANG_WARN_INFINITE_RECURSION = YES;
				CLANG_WARN_INT_CONVERSION = YES;
				CLANG_WARN_NON_LITERAL_NULL_CONVERSION = YES;
				CLANG_WARN_OBJC_IMPLICIT_RETAIN_SELF = YES;
				CLANG_WARN_OBJC_LITERAL_CONVERSION = YES;
				CLANG_WARN_OBJC_ROOT_CLASS = YES_ERROR;
				CLANG_WARN_QUOTED_INCLUDE_IN_FRAMEWORK_HEADER = YES;
				CLANG_WARN_RANGE_LOOP_ANALYSIS = YES;
				CLANG_WARN_STRICT_PROTOTYPES = YES;
				CLANG_WARN_SUSPICIOUS_MOVE = YES;
				CLANG_WARN_UNGUARDED_AVAILABILITY = YES_AGGRESSIVE;
				CLANG_WARN_UNREACHABLE_CODE = YES;
				CLANG_WARN__DUPLICATE_METHOD_MATCH = YES;
				COPY_PHASE_STRIP = NO;
				DEBUG_INFORMATION_FORMAT = dwarf;
				DEVELOPMENT_TEAM = VWVD5N32H2;
				ENABLE_STRICT_OBJC_MSGSEND = YES;
				ENABLE_TESTABILITY = YES;
				ENABLE_USER_SCRIPT_SANDBOXING = YES;
				GCC_C_LANGUAGE_STANDARD = gnu17;
				GCC_DYNAMIC_NO_PIC = NO;
				GCC_NO_COMMON_BLOCKS = YES;
				GCC_OPTIMIZATION_LEVEL = 0;
				GCC_PREPROCESSOR_DEFINITIONS = (
					"DEBUG=1",
					"$(inherited)",
				);
				GCC_WARN_64_TO_32_BIT_CONVERSION = YES;
				GCC_WARN_ABOUT_RETURN_TYPE = YES_ERROR;
				GCC_WARN_UNDECLARED_SELECTOR = YES;
				GCC_WARN_UNINITIALIZED_AUTOS = YES_AGGRESSIVE;
				GCC_WARN_UNUSED_FUNCTION = YES;
				GCC_WARN_UNUSED_VARIABLE = YES;
				INFOPLIST_FILE = "iOS-Calculator/Supporting Files/Info.plist";
				IPHONEOS_DEPLOYMENT_TARGET = 26.1;
				LOCALIZATION_PREFERS_STRING_CATALOGS = YES;
				MTL_ENABLE_DEBUG_INFO = INCLUDE_SOURCE;
				MTL_FAST_MATH = YES;
				ONLY_ACTIVE_ARCH = YES;
				SDKROOT = iphoneos;
				SWIFT_ACTIVE_COMPILATION_CONDITIONS = "DEBUG $(inherited)";
				SWIFT_OPTIMIZATION_LEVEL = "-Onone";
			};
			name = Debug;
		};
		1596E4AB2F197EDE00D104FB /* Release */ = {
			isa = XCBuildConfiguration;
			buildSettings = {
				ALWAYS_SEARCH_USER_PATHS = NO;
				ASSETCATALOG_COMPILER_GENERATE_SWIFT_ASSET_SYMBOL_EXTENSIONS = YES;
				CLANG_ANALYZER_NONNULL = YES;
				CLANG_ANALYZER_NUMBER_OBJECT_CONVERSION = YES_AGGRESSIVE;
				CLANG_CXX_LANGUAGE_STANDARD = "gnu++20";
				CLANG_ENABLE_MODULES = YES;
				CLANG_ENABLE_OBJC_ARC = YES;
				CLANG_ENABLE_OBJC_WEAK = YES;
				CLANG_WARN_BLOCK_CAPTURE_AUTORELEASING = YES;
				CLANG_WARN_BOOL_CONVERSION = YES;
				CLANG_WARN_COMMA = YES;
				CLANG_WARN_CONSTANT_CONVERSION = YES;
				CLANG_WARN_DEPRECATED_OBJC_IMPLEMENTATIONS = YES;
				CLANG_WARN_DIRECT_OBJC_ISA_USAGE = YES_ERROR;
				CLANG_WARN_DOCUMENTATION_COMMENTS = YES;
				CLANG_WARN_EMPTY_BODY = YES;
				CLANG_WARN_ENUM_CONVERSION = YES;
				CLANG_WARN_INFINITE_RECURSION = YES;
				CLANG_WARN_INT_CONVERSION = YES;
				CLANG_WARN_NON_LITERAL_NULL_CONVERSION = YES;
				CLANG_WARN_OBJC_IMPLICIT_RETAIN_SELF = YES;
				CLANG_WARN_OBJC_LITERAL_CONVERSION = YES;
				CLANG_WARN_OBJC_ROOT_CLASS = YES_ERROR;
				CLANG_WARN_QUOTED_INCLUDE_IN_FRAMEWORK_HEADER = YES;
				CLANG_WARN_RANGE_LOOP_ANALYSIS = YES;
				CLANG_WARN_STRICT_PROTOTYPES = YES;
				CLANG_WARN_SUSPICIOUS_MOVE = YES;
				CLANG_WARN_UNGUARDED_AVAILABILITY = YES_AGGRESSIVE;
				CLANG_WARN_UNREACHABLE_CODE = YES;
				CLANG_WARN__DUPLICATE_METHOD_MATCH = YES;
				COPY_PHASE_STRIP = NO;
				DEBUG_INFORMATION_FORMAT = "dwarf-with-dsym";
				DEVELOPMENT_TEAM = VWVD5N32H2;
				ENABLE_NS_ASSERTIONS = NO;
				ENABLE_STRICT_OBJC_MSGSEND = YES;
				ENABLE_USER_SCRIPT_SANDBOXING = YES;
				GCC_C_LANGUAGE_STANDARD = gnu17;
				GCC_NO_COMMON_BLOCKS = YES;
				GCC_WARN_64_TO_32_BIT_CONVERSION = YES;
				GCC_WARN_ABOUT_RETURN_TYPE = YES_ERROR;
				GCC_WARN_UNDECLARED_SELECTOR = YES;
				GCC_WARN_UNINITIALIZED_AUTOS = YES_AGGRESSIVE;
				GCC_WARN_UNUSED_FUNCTION = YES;
				GCC_WARN_UNUSED_VARIABLE = YES;
				INFOPLIST_FILE = "iOS-Calculator/Supporting Files/Info.plist";
				IPHONEOS_DEPLOYMENT_TARGET = 26.1;
				LOCALIZATION_PREFERS_STRING_CATALOGS = YES;
				MTL_ENABLE_DEBUG_INFO = NO;
				MTL_FAST_MATH = YES;
				SDKROOT = iphoneos;
				SWIFT_COMPILATION_MODE = wholemodule;
				VALIDATE_PRODUCT = YES;
			};
			name = Release;
		};
		1596E4AD2F197EDE00D104FB /* Debug */ = {
			isa = XCBuildConfiguration;
			buildSettings = {
				BUNDLE_LOADER = "$(TEST_HOST)";
				CODE_SIGN_STYLE = Automatic;
				CURRENT_PROJECT_VERSION = 1;
				DEVELOPMENT_TEAM = VWVD5N32H2;
				GENERATE_INFOPLIST_FILE = YES;
				IPHONEOS_DEPLOYMENT_TARGET = 26.1;
				MARKETING_VERSION = 1.0;
				PRODUCT_BUNDLE_IDENTIFIER = "com.candymontero.iOS-CalculatorTests";
				PRODUCT_NAME = "$(TARGET_NAME)";
				STRING_CATALOG_GENERATE_SYMBOLS = NO;
				SWIFT_APPROACHABLE_CONCURRENCY = YES;
				SWIFT_EMIT_LOC_STRINGS = NO;
				SWIFT_UPCOMING_FEATURE_MEMBER_IMPORT_VISIBILITY = YES;
				SWIFT_VERSION = 5.0;
				TARGETED_DEVICE_FAMILY = "1,2";
				TEST_HOST = "$(BUILT_PRODUCTS_DIR)/iOS Calculator.app/$(BUNDLE_EXECUTABLE_FOLDER_PATH)/iOS Calculator";
			};
			name = Debug;
		};
		1596E4AE2F197EDE00D104FB /* Release */ = {
			isa = XCBuildConfiguration;
			buildSettings = {
				BUNDLE_LOADER = "$(TEST_HOST)";
				CODE_SIGN_STYLE = Automatic;
				CURRENT_PROJECT_VERSION = 1;
				DEVELOPMENT_TEAM = VWVD5N32H2;
				GENERATE_INFOPLIST_FILE = YES;
				IPHONEOS_DEPLOYMENT_TARGET = 26.1;
				MARKETING_VERSION = 1.0;
				PRODUCT_BUNDLE_IDENTIFIER = "com.candymontero.iOS-CalculatorTests";
				PRODUCT_NAME = "$(TARGET_NAME)";
				STRING_CATALOG_GENERATE_SYMBOLS = NO;
				SWIFT_APPROACHABLE_CONCURRENCY = YES;
				SWIFT_EMIT_LOC_STRINGS = NO;
				SWIFT_UPCOMING_FEATURE_MEMBER_IMPORT_VISIBILITY = YES;
				SWIFT_VERSION = 5.0;
				TARGETED_DEVICE_FAMILY = "1,2";
				TEST_HOST = "$(BUILT_PRODUCTS_DIR)/iOS Calculator.app/$(BUNDLE_EXECUTABLE_FOLDER_PATH)/iOS Calculator";
			};
			name = Release;
		};
		1596E4B02F197EDE00D104FB /* Debug */ = {
			isa = XCBuildConfiguration;
			buildSettings = {
				CODE_SIGN_STYLE = Automatic;
				CURRENT_PROJECT_VERSION = 1;
				DEVELOPMENT_TEAM = VWVD5N32H2;
				GENERATE_INFOPLIST_FILE = YES;
				MARKETING_VERSION = 1.0;
				PRODUCT_BUNDLE_IDENTIFIER = "com.candymontero.iOS-CalculatorUITests";
				PRODUCT_NAME = "$(TARGET_NAME)";
				STRING_CATALOG_GENERATE_SYMBOLS = NO;
				SWIFT_APPROACHABLE_CONCURRENCY = YES;
				SWIFT_EMIT_LOC_STRINGS = NO;
				SWIFT_UPCOMING_FEATURE_MEMBER_IMPORT_VISIBILITY = YES;
				SWIFT_VERSION = 5.0;
				TARGETED_DEVICE_FAMILY = "1,2";
				TEST_TARGET_NAME = "iOS-Calculator";
			};
			name = Debug;
		};
		1596E4B12F197EDE00D104FB /* Release */ = {
			isa = XCBuildConfiguration;
			buildSettings = {
				CODE_SIGN_STYLE = Automatic;
				CURRENT_PROJECT_VERSION = 1;
				DEVELOPMENT_TEAM = VWVD5N32H2;
				GENERATE_INFOPLIST_FILE = YES;
				MARKETING_VERSION = 1.0;
				PRODUCT_BUNDLE_IDENTIFIER = "com.candymontero.iOS-CalculatorUITests";
				PRODUCT_NAME = "$(TARGET_NAME)";
				STRING_CATALOG_GENERATE_SYMBOLS = NO;
				SWIFT_APPROACHABLE_CONCURRENCY = YES;
				SWIFT_EMIT_LOC_STRINGS = NO;
				SWIFT_UPCOMING_FEATURE_MEMBER_IMPORT_VISIBILITY = YES;
				SWIFT_VERSION = 5.0;
				TARGETED_DEVICE_FAMILY = "1,2";
				TEST_TARGET_NAME = "iOS-Calculator";
			};
			name = Release;
		};
/* End XCBuildConfiguration section */

/* Begin XCConfigurationList section */
		1596E4792F197EDC00D104FB /* Build configuration list for PBXProject "iOS Calculator" */ = {
			isa = XCConfigurationList;
			buildConfigurations = (
				1596E4AA2F197EDE00D104FB /* Debug */,
				1596E4AB2F197EDE00D104FB /* Release */,
			);
			defaultConfigurationIsVisible = 0;
			defaultConfigurationName = Release;
		};
		1596E4A72F197EDE00D104FB /* Build configuration list for PBXNativeTarget "iOS Calculator" */ = {
			isa = XCConfigurationList;
			buildConfigurations = (
				1596E4A82F197EDE00D104FB /* Debug */,
				1596E4A92F197EDE00D104FB /* Release */,
			);
			defaultConfigurationIsVisible = 0;
			defaultConfigurationName = Release;
		};
		1596E4AC2F197EDE00D104FB /* Build configuration list for PBXNativeTarget "iOS CalculatorTests" */ = {
			isa = XCConfigurationList;
			buildConfigurations = (
				1596E4AD2F197EDE00D104FB /* Debug */,
				1596E4AE2F197EDE00D104FB /* Release */,
			);
			defaultConfigurationIsVisible = 0;
			defaultConfigurationName = Release;
		};
		1596E4AF2F197EDE00D104FB /* Build configuration list for PBXNativeTarget "iOS CalculatorUITests" */ = {
			isa = XCConfigurationList;
			buildConfigurations = (
				1596E4B02F197EDE00D104FB /* Debug */,
				1596E4B12F197EDE00D104FB /* Release */,
			);
			defaultConfigurationIsVisible = 0;
			defaultConfigurationName = Release;
		};
/* End XCConfigurationList section */
	};
	rootObject = 1596E4762F197EDC00D104FB /* Project object */;
}
